// !$*UTF8*$!
{
	archiveVersion = 1;
	classes = {
	};
	objectVersion = 50;
	objects = {

/* Begin PBXBuildFile section */
		AE94DF0A2688E4B00097ED5F /* HeaderView.swift in Sources */ = {isa = PBXBuildFile; fileRef = AE94DF092688E4B00097ED5F /* HeaderView.swift */; };
		AEAA163F2688C359008CCF25 /* AppDelegate.swift in Sources */ = {isa = PBXBuildFile; fileRef = AEAA163E2688C359008CCF25 /* AppDelegate.swift */; };
		AEAA16412688C359008CCF25 /* SceneDelegate.swift in Sources */ = {isa = PBXBuildFile; fileRef = AEAA16402688C359008CCF25 /* SceneDelegate.swift */; };
		AEAA16432688C359008CCF25 /* ViewController.swift in Sources */ = {isa = PBXBuildFile; fileRef = AEAA16422688C359008CCF25 /* ViewController.swift */; };
		AEAA16462688C359008CCF25 /* Main.storyboard in Resources */ = {isa = PBXBuildFile; fileRef = AEAA16442688C359008CCF25 /* Main.storyboard */; };
		AEAA16482688C360008CCF25 /* Assets.xcassets in Resources */ = {isa = PBXBuildFile; fileRef = AEAA16472688C360008CCF25 /* Assets.xcassets */; };
		AEAA164B2688C360008CCF25 /* LaunchScreen.storyboard in Resources */ = {isa = PBXBuildFile; fileRef = AEAA16492688C360008CCF25 /* LaunchScreen.storyboard */; };
		AEAA16562688C361008CCF25 /* CollectionViewTestTests.swift in Sources */ = {isa = PBXBuildFile; fileRef = AEAA16552688C361008CCF25 /* CollectionViewTestTests.swift */; };
		AEAA16612688C361008CCF25 /* CollectionViewTestUITests.swift in Sources */ = {isa = PBXBuildFile; fileRef = AEAA16602688C361008CCF25 /* CollectionViewTestUITests.swift */; };
		AEAA16722688C503008CCF25 /* MyCollectionViewController.swift in Sources */ = {isa = PBXBuildFile; fileRef = AEAA16712688C503008CCF25 /* MyCollectionViewController.swift */; };
		AEAA16772688C927008CCF25 /* MyCollectionViewCell.swift in Sources */ = {isa = PBXBuildFile; fileRef = AEAA16762688C927008CCF25 /* MyCollectionViewCell.swift */; };
/* End PBXBuildFile section */

/* Begin PBXContainerItemProxy section */
		AEAA16522688C361008CCF25 /* PBXContainerItemProxy */ = {
			isa = PBXContainerItemProxy;
			containerPortal = AEAA16332688C359008CCF25 /* Project object */;
			proxyType = 1;
			remoteGlobalIDString = AEAA163A2688C359008CCF25;
			remoteInfo = CollectionViewTest;
		};
		AEAA165D2688C361008CCF25 /* PBXContainerItemProxy */ = {
			isa = PBXContainerItemProxy;
			containerPortal = AEAA16332688C359008CCF25 /* Project object */;
			proxyType = 1;
			remoteGlobalIDString = AEAA163A2688C359008CCF25;
			remoteInfo = CollectionViewTest;
		};
/* End PBXContainerItemProxy section */

/* Begin PBXFileReference section */
		AE94DF092688E4B00097ED5F /* HeaderView.swift */ = {isa = PBXFileReference; lastKnownFileType = sourcecode.swift; path = HeaderView.swift; sourceTree = "<group>"; };
		AEAA163B2688C359008CCF25 /* CollectionViewTest.app */ = {isa = PBXFileReference; explicitFileType = wrapper.application; includeInIndex = 0; path = CollectionViewTest.app; sourceTree = BUILT_PRODUCTS_DIR; };
		AEAA163E2688C359008CCF25 /* AppDelegate.swift */ = {isa = PBXFileReference; lastKnownFileType = sourcecode.swift; path = AppDelegate.swift; sourceTree = "<group>"; };
		AEAA16402688C359008CCF25 /* SceneDelegate.swift */ = {isa = PBXFileReference; lastKnownFileType = sourcecode.swift; path = SceneDelegate.swift; sourceTree = "<group>"; };
		AEAA16422688C359008CCF25 /* ViewController.swift */ = {isa = PBXFileReference; lastKnownFileType = sourcecode.swift; path = ViewController.swift; sourceTree = "<group>"; };
		AEAA16452688C359008CCF25 /* Base */ = {isa = PBXFileReference; lastKnownFileType = file.storyboard; name = Base; path = Base.lproj/Main.storyboard; sourceTree = "<group>"; };
		AEAA16472688C360008CCF25 /* Assets.xcassets */ = {isa = PBXFileReference; lastKnownFileType = folder.assetcatalog; path = Assets.xcassets; sourceTree = "<group>"; };
		AEAA164A2688C360008CCF25 /* Base */ = {isa = PBXFileReference; lastKnownFileType = file.storyboard; name = Base; path = Base.lproj/LaunchScreen.storyboard; sourceTree = "<group>"; };
		AEAA164C2688C360008CCF25 /* Info.plist */ = {isa = PBXFileReference; lastKnownFileType = text.plist.xml; path = Info.plist; sourceTree = "<group>"; };
		AEAA16512688C361008CCF25 /* CollectionViewTestTests.xctest */ = {isa = PBXFileReference; explicitFileType = wrapper.cfbundle; includeInIndex = 0; path = CollectionViewTestTests.xctest; sourceTree = BUILT_PRODUCTS_DIR; };
		AEAA16552688C361008CCF25 /* CollectionViewTestTests.swift */ = {isa = PBXFileReference; lastKnownFileType = sourcecode.swift; path = CollectionViewTestTests.swift; sourceTree = "<group>"; };
		AEAA16572688C361008CCF25 /* Info.plist */ = {isa = PBXFileReference; lastKnownFileType = text.plist.xml; path = Info.plist; sourceTree = "<group>"; };
		AEAA165C2688C361008CCF25 /* CollectionViewTestUITests.xctest */ = {isa = PBXFileReference; explicitFileType = wrapper.cfbundle; includeInIndex = 0; path = CollectionViewTestUITests.xctest; sourceTree = BUILT_PRODUCTS_DIR; };
		AEAA16602688C361008CCF25 /* CollectionViewTestUITests.swift */ = {isa = PBXFileReference; lastKnownFileType = sourcecode.swift; path = CollectionViewTestUITests.swift; sourceTree = "<group>"; };
		AEAA16622688C361008CCF25 /* Info.plist */ = {isa = PBXFileReference; lastKnownFileType = text.plist.xml; path = Info.plist; sourceTree = "<group>"; };
		AEAA16712688C503008CCF25 /* MyCollectionViewController.swift */ = {isa = PBXFileReference; lastKnownFileType = sourcecode.swift; path = MyCollectionViewController.swift; sourceTree = "<group>"; };
		AEAA16762688C927008CCF25 /* MyCollectionViewCell.swift */ = {isa = PBXFileReference; lastKnownFileType = sourcecode.swift; path = MyCollectionViewCell.swift; sourceTree = "<group>"; };
/* End PBXFileReference section */

/* Begin PBXFrameworksBuildPhase section */
		AEAA16382688C359008CCF25 /* Frameworks */ = {
			isa = PBXFrameworksBuildPhase;
			buildActionMask = 2147483647;
			files = (
			);
			runOnlyForDeploymentPostprocessing = 0;
		};
		AEAA164E2688C361008CCF25 /* Frameworks */ = {
			isa = PBXFrameworksBuildPhase;
			buildActionMask = 2147483647;
			files = (
			);
			runOnlyForDeploymentPostprocessing = 0;
		};
		AEAA16592688C361008CCF25 /* Frameworks */ = {
			isa = PBXFrameworksBuildPhase;
			buildActionMask = 2147483647;
			files = (
			);
			runOnlyForDeploymentPostprocessing = 0;
		};
/* End PBXFrameworksBuildPhase section */

/* Begin PBXGroup section */
		AEAA16322688C359008CCF25 = {
			isa = PBXGroup;
			children = (
				AE94DF092688E4B00097ED5F /* HeaderView.swift */,
				AEAA163D2688C359008CCF25 /* CollectionViewTest */,
				AEAA16542688C361008CCF25 /* CollectionViewTestTests */,
				AEAA165F2688C361008CCF25 /* CollectionViewTestUITests */,
				AEAA163C2688C359008CCF25 /* Products */,
			);
			sourceTree = "<group>";
		};
		AEAA163C2688C359008CCF25 /* Products */ = {
			isa = PBXGroup;
			children = (
				AEAA163B2688C359008CCF25 /* CollectionViewTest.app */,
				AEAA16512688C361008CCF25 /* CollectionViewTestTests.xctest */,
				AEAA165C2688C361008CCF25 /* CollectionViewTestUITests.xctest */,
			);
			name = Products;
			sourceTree = "<group>";
		};
		AEAA163D2688C359008CCF25 /* CollectionViewTest */ = {
			isa = PBXGroup;
			children = (
				AEAA163E2688C359008CCF25 /* AppDelegate.swift */,
				AEAA16402688C359008CCF25 /* SceneDelegate.swift */,
				AEAA16422688C359008CCF25 /* ViewController.swift */,
				AEAA16442688C359008CCF25 /* Main.storyboard */,
				AEAA16712688C503008CCF25 /* MyCollectionViewController.swift */,
				AEAA16762688C927008CCF25 /* MyCollectionViewCell.swift */,
				AEAA16472688C360008CCF25 /* Assets.xcassets */,
				AEAA16492688C360008CCF25 /* LaunchScreen.storyboard */,
				AEAA164C2688C360008CCF25 /* Info.plist */,
			);
			path = CollectionViewTest;
			sourceTree = "<group>";
		};
		AEAA16542688C361008CCF25 /* CollectionViewTestTests */ = {
			isa = PBXGroup;
			children = (
				AEAA16552688C361008CCF25 /* CollectionViewTestTests.swift */,
				AEAA16572688C361008CCF25 /* Info.plist */,
			);
			path = CollectionViewTestTests;
			sourceTree = "<group>";
		};
		AEAA165F2688C361008CCF25 /* CollectionViewTestUITests */ = {
			isa = PBXGroup;
			children = (
				AEAA16602688C361008CCF25 /* CollectionViewTestUITests.swift */,
				AEAA16622688C361008CCF25 /* Info.plist */,
			);
			path = CollectionViewTestUITests;
			sourceTree = "<group>";
		};
/* End PBXGroup section */

/* Begin PBXNativeTarget section */
		AEAA163A2688C359008CCF25 /* CollectionViewTest */ = {
			isa = PBXNativeTarget;
			buildConfigurationList = AEAA16652688C361008CCF25 /* Build configuration list for PBXNativeTarget "CollectionViewTest" */;
			buildPhases = (
				AEAA16372688C359008CCF25 /* Sources */,
				AEAA16382688C359008CCF25 /* Frameworks */,
				AEAA16392688C359008CCF25 /* Resources */,
			);
			buildRules = (
			);
			dependencies = (
			);
			name = CollectionViewTest;
			productName = CollectionViewTest;
			productReference = AEAA163B2688C359008CCF25 /* CollectionViewTest.app */;
			productType = "com.apple.product-type.application";
		};
		AEAA16502688C361008CCF25 /* CollectionViewTestTests */ = {
			isa = PBXNativeTarget;
			buildConfigurationList = AEAA16682688C361008CCF25 /* Build configuration list for PBXNativeTarget "CollectionViewTestTests" */;
			buildPhases = (
				AEAA164D2688C361008CCF25 /* Sources */,
				AEAA164E2688C361008CCF25 /* Frameworks */,
				AEAA164F2688C361008CCF25 /* Resources */,
			);
			buildRules = (
			);
			dependencies = (
				AEAA16532688C361008CCF25 /* PBXTargetDependency */,
			);
			name = CollectionViewTestTests;
			productName = CollectionViewTestTests;
			productReference = AEAA16512688C361008CCF25 /* CollectionViewTestTests.xctest */;
			productType = "com.apple.product-type.bundle.unit-test";
		};
		AEAA165B2688C361008CCF25 /* CollectionViewTestUITests */ = {
			isa = PBXNativeTarget;
			buildConfigurationList = AEAA166B2688C361008CCF25 /* Build configuration list for PBXNativeTarget "CollectionViewTestUITests" */;
			buildPhases = (
				AEAA16582688C361008CCF25 /* Sources */,
				AEAA16592688C361008CCF25 /* Frameworks */,
				AEAA165A2688C361008CCF25 /* Resources */,
			);
			buildRules = (
			);
			dependencies = (
				AEAA165E2688C361008CCF25 /* PBXTargetDependency */,
			);
			name = CollectionViewTestUITests;
			productName = CollectionViewTestUITests;
			productReference = AEAA165C2688C361008CCF25 /* CollectionViewTestUITests.xctest */;
			productType = "com.apple.product-type.bundle.ui-testing";
		};
/* End PBXNativeTarget section */

/* Begin PBXProject section */
		AEAA16332688C359008CCF25 /* Project object */ = {
			isa = PBXProject;
			attributes = {
				LastSwiftUpdateCheck = 1240;
				LastUpgradeCheck = 1240;
				TargetAttributes = {
					AEAA163A2688C359008CCF25 = {
						CreatedOnToolsVersion = 12.4;
					};
					AEAA16502688C361008CCF25 = {
						CreatedOnToolsVersion = 12.4;
						TestTargetID = AEAA163A2688C359008CCF25;
					};
					AEAA165B2688C361008CCF25 = {
						CreatedOnToolsVersion = 12.4;
						TestTargetID = AEAA163A2688C359008CCF25;
					};
				};
			};
			buildConfigurationList = AEAA16362688C359008CCF25 /* Build configuration list for PBXProject "CollectionViewTest" */;
			compatibilityVersion = "Xcode 9.3";
			developmentRegion = en;
			hasScannedForEncodings = 0;
			knownRegions = (
				en,
				Base,
			);
			mainGroup = AEAA16322688C359008CCF25;
			productRefGroup = AEAA163C2688C359008CCF25 /* Products */;
			projectDirPath = "";
			projectRoot = "";
			targets = (
				AEAA163A2688C359008CCF25 /* CollectionViewTest */,
				AEAA16502688C361008CCF25 /* CollectionViewTestTests */,
				AEAA165B2688C361008CCF25 /* CollectionViewTestUITests */,
			);
		};
/* End PBXProject section */

/* Begin PBXResourcesBuildPhase section */
		AEAA16392688C359008CCF25 /* Resources */ = {
			isa = PBXResourcesBuildPhase;
			buildActionMask = 2147483647;
			files = (
				AEAA164B2688C360008CCF25 /* LaunchScreen.storyboard in Resources */,
				AEAA16482688C360008CCF25 /* Assets.xcassets in Resources */,
				AEAA16462688C359008CCF25 /* Main.storyboard in Resources */,
			);
			runOnlyForDeploymentPostprocessing = 0;
		};
		AEAA164F2688C361008CCF25 /* Resources */ = {
			isa = PBXResourcesBuildPhase;
			buildActionMask = 2147483647;
			files = (
			);
			runOnlyForDeploymentPostprocessing = 0;
		};
		AEAA165A2688C361008CCF25 /* Resources */ = {
			isa = PBXResourcesBuildPhase;
			buildActionMask = 2147483647;
			files = (
			);
			runOnlyForDeploymentPostprocessing = 0;
		};
/* End PBXResourcesBuildPhase section */

/* Begin PBXSourcesBuildPhase section */
		AEAA16372688C359008CCF25 /* Sources */ = {
			isa = PBXSourcesBuildPhase;
			buildActionMask = 2147483647;
			files = (
				AEAA16722688C503008CCF25 /* MyCollectionViewController.swift in Sources */,
				AE94DF0A2688E4B00097ED5F /* HeaderView.swift in Sources */,
				AEAA16772688C927008CCF25 /* MyCollectionViewCell.swift in Sources */,
				AEAA16432688C359008CCF25 /* ViewController.swift in Sources */,
				AEAA163F2688C359008CCF25 /* AppDelegate.swift in Sources */,
				AEAA16412688C359008CCF25 /* SceneDelegate.swift in Sources */,
			);
			runOnlyForDeploymentPostprocessing = 0;
		};
		AEAA164D2688C361008CCF25 /* Sources */ = {
			isa = PBXSourcesBuildPhase;
			buildActionMask = 2147483647;
			files = (
				AEAA16562688C361008CCF25 /* CollectionViewTestTests.swift in Sources */,
			);
			runOnlyForDeploymentPostprocessing = 0;
		};
		AEAA16582688C361008CCF25 /* Sources */ = {
			isa = PBXSourcesBuildPhase;
			buildActionMask = 2147483647;
			files = (
				AEAA16612688C361008CCF25 /* CollectionViewTestUITests.swift in Sources */,
			);
			runOnlyForDeploymentPostprocessing = 0;
		};
/* End PBXSourcesBuildPhase section */

/* Begin PBXTargetDependency section */
		AEAA16532688C361008CCF25 /* PBXTargetDependency */ = {
			isa = PBXTargetDependency;
			target = AEAA163A2688C359008CCF25 /* CollectionViewTest */;
			targetProxy = AEAA16522688C361008CCF25 /* PBXContainerItemProxy */;
		};
		AEAA165E2688C361008CCF25 /* PBXTargetDependency */ = {
			isa = PBXTargetDependency;
			target = AEAA163A2688C359008CCF25 /* CollectionViewTest */;
			targetProxy = AEAA165D2688C361008CCF25 /* PBXContainerItemProxy */;
		};
/* End PBXTargetDependency section */

/* Begin PBXVariantGroup section */
		AEAA16442688C359008CCF25 /* Main.storyboard */ = {
			isa = PBXVariantGroup;
			children = (
				AEAA16452688C359008CCF25 /* Base */,
			);
			name = Main.storyboard;
			sourceTree = "<group>";
		};
		AEAA16492688C360008CCF25 /* LaunchScreen.storyboard */ = {
			isa = PBXVariantGroup;
			children = (
				AEAA164A2688C360008CCF25 /* Base */,
			);
			name = LaunchScreen.storyboard;
			sourceTree = "<group>";
		};
/* End PBXVariantGroup section */

/* Begin XCBuildConfiguration section */
		AEAA16632688C361008CCF25 /* Debug */ = {
			isa = XCBuildConfiguration;
			buildSettings = {
				ALWAYS_SEARCH_USER_PATHS = NO;
				CLANG_ANALYZER_NONNULL = YES;
				CLANG_ANALYZER_NUMBER_OBJECT_CONVERSION = YES_AGGRESSIVE;
				CLANG_CXX_LANGUAGE_STANDARD = "gnu++14";
				CLANG_CXX_LIBRARY = "libc++";
				CLANG_ENABLE_MODULES = YES;
				CLANG_ENABLE_OBJC_ARC = YES;
				CLANG_ENABLE_OBJC_WEAK = YES;
				CLANG_WARN_BLOCK_CAPTURE_AUTORELEASING = YES;
				CLANG_WARN_BOOL_CONVERSION = YES;
				CLANG_WARN_COMMA = YES;
				CLANG_WARN_CONSTANT_CONVERSION = YES;
				CLANG_WARN_DEPRECATED_OBJC_IMPLEMENTATIONS = YES;
				CLANG_WARN_DIRECT_OBJC_ISA_USAGE = YES_ERROR;
				CLANG_WARN_DOCUMENTATION_COMMENTS = YES;
				CLANG_WARN_EMPTY_BODY = YES;
				CLANG_WARN_ENUM_CONVERSION = YES;
				CLANG_WARN_INFINITE_RECURSION = YES;
				CLANG_WARN_INT_CONVERSION = YES;
				CLANG_WARN_NON_LITERAL_NULL_CONVERSION = YES;
				CLANG_WARN_OBJC_IMPLICIT_RETAIN_SELF = YES;
				CLANG_WARN_OBJC_LITERAL_CONVERSION = YES;
				CLANG_WARN_OBJC_ROOT_CLASS = YES_ERROR;
				CLANG_WARN_QUOTED_INCLUDE_IN_FRAMEWORK_HEADER = YES;
				CLANG_WARN_RANGE_LOOP_ANALYSIS = YES;
				CLANG_WARN_STRICT_PROTOTYPES = YES;
				CLANG_WARN_SUSPICIOUS_MOVE = YES;
				CLANG_WARN_UNGUARDED_AVAILABILITY = YES_AGGRESSIVE;
				CLANG_WARN_UNREACHABLE_CODE = YES;
				CLANG_WARN__DUPLICATE_METHOD_MATCH = YES;
				COPY_PHASE_STRIP = NO;
				DEBUG_INFORMATION_FORMAT = dwarf;
				ENABLE_STRICT_OBJC_MSGSEND = YES;
				ENABLE_TESTABILITY = YES;
				GCC_C_LANGUAGE_STANDARD = gnu11;
				GCC_DYNAMIC_NO_PIC = NO;
				GCC_NO_COMMON_BLOCKS = YES;
				GCC_OPTIMIZATION_LEVEL = 0;
				GCC_PREPROCESSOR_DEFINITIONS = (
					"DEBUG=1",
					"$(inherited)",
				);
				GCC_WARN_64_TO_32_BIT_CONVERSION = YES;
				GCC_WARN_ABOUT_RETURN_TYPE = YES_ERROR;
				GCC_WARN_UNDECLARED_SELECTOR = YES;
				GCC_WARN_UNINITIALIZED_AUTOS = YES_AGGRESSIVE;
				GCC_WARN_UNUSED_FUNCTION = YES;
				GCC_WARN_UNUSED_VARIABLE = YES;
				IPHONEOS_DEPLOYMENT_TARGET = 14.4;
				MTL_ENABLE_DEBUG_INFO = INCLUDE_SOURCE;
				MTL_FAST_MATH = YES;
				ONLY_ACTIVE_ARCH = YES;
				SDKROOT = iphoneos;
				SWIFT_ACTIVE_COMPILATION_CONDITIONS = DEBUG;
				SWIFT_OPTIMIZATION_LEVEL = "-Onone";
			};
			name = Debug;
		};
		AEAA16642688C361008CCF25 /* Release */ = {
			isa = XCBuildConfiguration;
			buildSettings = {
				ALWAYS_SEARCH_USER_PATHS = NO;
				CLANG_ANALYZER_NONNULL = YES;
				CLANG_ANALYZER_NUMBER_OBJECT_CONVERSION = YES_AGGRESSIVE;
				CLANG_CXX_LANGUAGE_STANDARD = "gnu++14";
				CLANG_CXX_LIBRARY = "libc++";
				CLANG_ENABLE_MODULES = YES;
				CLANG_ENABLE_OBJC_ARC = YES;
				CLANG_ENABLE_OBJC_WEAK = YES;
				CLANG_WARN_BLOCK_CAPTURE_AUTORELEASING = YES;
				CLANG_WARN_BOOL_CONVERSION = YES;
				CLANG_WARN_COMMA = YES;
				CLANG_WARN_CONSTANT_CONVERSION = YES;
				CLANG_WARN_DEPRECATED_OBJC_IMPLEMENTATIONS = YES;
				CLANG_WARN_DIRECT_OBJC_ISA_USAGE = YES_ERROR;
				CLANG_WARN_DOCUMENTATION_COMMENTS = YES;
				CLANG_WARN_EMPTY_BODY = YES;
				CLANG_WARN_ENUM_CONVERSION = YES;
				CLANG_WARN_INFINITE_RECURSION = YES;
				CLANG_WARN_INT_CONVERSION = YES;
				CLANG_WARN_NON_LITERAL_NULL_CONVERSION = YES;
				CLANG_WARN_OBJC_IMPLICIT_RETAIN_SELF = YES;
				CLANG_WARN_OBJC_LITERAL_CONVERSION = YES;
				CLANG_WARN_OBJC_ROOT_CLASS = YES_ERROR;
				CLANG_WARN_QUOTED_INCLUDE_IN_FRAMEWORK_HEADER = YES;
				CLANG_WARN_RANGE_LOOP_ANALYSIS = YES;
				CLANG_WARN_STRICT_PROTOTYPES = YES;
				CLANG_WARN_SUSPICIOUS_MOVE = YES;
				CLANG_WARN_UNGUARDED_AVAILABILITY = YES_AGGRESSIVE;
				CLANG_WARN_UNREACHABLE_CODE = YES;
				CLANG_WARN__DUPLICATE_METHOD_MATCH = YES;
				COPY_PHASE_STRIP = NO;
				DEBUG_INFORMATION_FORMAT = "dwarf-with-dsym";
				ENABLE_NS_ASSERTIONS = NO;
				ENABLE_STRICT_OBJC_MSGSEND = YES;
				GCC_C_LANGUAGE_STANDARD = gnu11;
				GCC_NO_COMMON_BLOCKS = YES;
				GCC_WARN_64_TO_32_BIT_CONVERSION = YES;
				GCC_WARN_ABOUT_RETURN_TYPE = YES_ERROR;
				GCC_WARN_UNDECLARED_SELECTOR = YES;
				GCC_WARN_UNINITIALIZED_AUTOS = YES_AGGRESSIVE;
				GCC_WARN_UNUSED_FUNCTION = YES;
				GCC_WARN_UNUSED_VARIABLE = YES;
				IPHONEOS_DEPLOYMENT_TARGET = 14.4;
				MTL_ENABLE_DEBUG_INFO = NO;
				MTL_FAST_MATH = YES;
				SDKROOT = iphoneos;
				SWIFT_COMPILATION_MODE = wholemodule;
				SWIFT_OPTIMIZATION_LEVEL = "-O";
				VALIDATE_PRODUCT = YES;
			};
			name = Release;
		};
		AEAA16662688C361008CCF25 /* Debug */ = {
			isa = XCBuildConfiguration;
			buildSettings = {
				ASSETCATALOG_COMPILER_APPICON_NAME = AppIcon;
				ASSETCATALOG_COMPILER_GLOBAL_ACCENT_COLOR_NAME = AccentColor;
				CODE_SIGN_STYLE = Automatic;
				INFOPLIST_FILE = CollectionViewTest/Info.plist;
				LD_RUNPATH_SEARCH_PATHS = (
					"$(inherited)",
					"@executable_path/Frameworks",
				);
				PRODUCT_BUNDLE_IDENTIFIER = com.wareto.CollectionViewTest;
				PRODUCT_NAME = "$(TARGET_NAME)";
				SWIFT_VERSION = 5.0;
				TARGETED_DEVICE_FAMILY = "1,2";
			};
			name = Debug;
		};
		AEAA16672688C361008CCF25 /* Release */ = {
			isa = XCBuildConfiguration;
			buildSettings = {
				ASSETCATALOG_COMPILER_APPICON_NAME = AppIcon;
				ASSETCATALOG_COMPILER_GLOBAL_ACCENT_COLOR_NAME = AccentColor;
				CODE_SIGN_STYLE = Automatic;
				INFOPLIST_FILE = CollectionViewTest/Info.plist;
				LD_RUNPATH_SEARCH_PATHS = (
					"$(inherited)",
					"@executable_path/Frameworks",
				);
				PRODUCT_BUNDLE_IDENTIFIER = com.wareto.CollectionViewTest;
				PRODUCT_NAME = "$(TARGET_NAME)";
				SWIFT_VERSION = 5.0;
				TARGETED_DEVICE_FAMILY = "1,2";
			};
			name = Release;
		};
		AEAA16692688C361008CCF25 /* Debug */ = {
			isa = XCBuildConfiguration;
			buildSettings = {
				ALWAYS_EMBED_SWIFT_STANDARD_LIBRARIES = YES;
				BUNDLE_LOADER = "$(TEST_HOST)";
				CODE_SIGN_STYLE = Automatic;
				INFOPLIST_FILE = CollectionViewTestTests/Info.plist;
				IPHONEOS_DEPLOYMENT_TARGET = 14.4;
				LD_RUNPATH_SEARCH_PATHS = (
					"$(inherited)",
					"@executable_path/Frameworks",
					"@loader_path/Frameworks",
				);
				PRODUCT_BUNDLE_IDENTIFIER = com.wareto.CollectionViewTestTests;
				PRODUCT_NAME = "$(TARGET_NAME)";
				SWIFT_VERSION = 5.0;
				TARGETED_DEVICE_FAMILY = "1,2";
				TEST_HOST = "$(BUILT_PRODUCTS_DIR)/CollectionViewTest.app/CollectionViewTest";
			};
			name = Debug;
		};
		AEAA166A2688C361008CCF25 /* Release */ = {
			isa = XCBuildConfiguration;
			buildSettings = {
				ALWAYS_EMBED_SWIFT_STANDARD_LIBRARIES = YES;
				BUNDLE_LOADER = "$(TEST_HOST)";
				CODE_SIGN_STYLE = Automatic;
				INFOPLIST_FILE = CollectionViewTestTests/Info.plist;
				IPHONEOS_DEPLOYMENT_TARGET = 14.4;
				LD_RUNPATH_SEARCH_PATHS = (
					"$(inherited)",
					"@executable_path/Frameworks",
					"@loader_path/Frameworks",
				);
				PRODUCT_BUNDLE_IDENTIFIER = com.wareto.CollectionViewTestTests;
				PRODUCT_NAME = "$(TARGET_NAME)";
				SWIFT_VERSION = 5.0;
				TARGETED_DEVICE_FAMILY = "1,2";
				TEST_HOST = "$(BUILT_PRODUCTS_DIR)/CollectionViewTest.app/CollectionViewTest";
			};
			name = Release;
		};
		AEAA166C2688C361008CCF25 /* Debug */ = {
			isa = XCBuildConfiguration;
			buildSettings = {
				ALWAYS_EMBED_SWIFT_STANDARD_LIBRARIES = YES;
				CODE_SIGN_STYLE = Automatic;
				INFOPLIST_FILE = CollectionViewTestUITests/Info.plist;
				LD_RUNPATH_SEARCH_PATHS = (
					"$(inherited)",
					"@executable_path/Frameworks",
					"@loader_path/Frameworks",
				);
				PRODUCT_BUNDLE_IDENTIFIER = com.wareto.CollectionViewTestUITests;
				PRODUCT_NAME = "$(TARGET_NAME)";
				SWIFT_VERSION = 5.0;
				TARGETED_DEVICE_FAMILY = "1,2";
				TEST_TARGET_NAME = CollectionViewTest;
			};
			name = Debug;
		};
		AEAA166D2688C361008CCF25 /* Release */ = {
			isa = XCBuildConfiguration;
			buildSettings = {
				ALWAYS_EMBED_SWIFT_STANDARD_LIBRARIES = YES;
				CODE_SIGN_STYLE = Automatic;
				INFOPLIST_FILE = CollectionViewTestUITests/Info.plist;
				LD_RUNPATH_SEARCH_PATHS = (
					"$(inherited)",
					"@executable_path/Frameworks",
					"@loader_path/Frameworks",
				);
				PRODUCT_BUNDLE_IDENTIFIER = com.wareto.CollectionViewTestUITests;
				PRODUCT_NAME = "$(TARGET_NAME)";
				SWIFT_VERSION = 5.0;
				TARGETED_DEVICE_FAMILY = "1,2";
				TEST_TARGET_NAME = CollectionViewTest;
			};
			name = Release;
		};
/* End XCBuildConfiguration section */

/* Begin XCConfigurationList section */
		AEAA16362688C359008CCF25 /* Build configuration list for PBXProject "CollectionViewTest" */ = {
			isa = XCConfigurationList;
			buildConfigurations = (
				AEAA16632688C361008CCF25 /* Debug */,
				AEAA16642688C361008CCF25 /* Release */,
			);
			defaultConfigurationIsVisible = 0;
			defaultConfigurationName = Release;
		};
		AEAA16652688C361008CCF25 /* Build configuration list for PBXNativeTarget "CollectionViewTest" */ = {
			isa = XCConfigurationList;
			buildConfigurations = (
				AEAA16662688C361008CCF25 /* Debug */,
				AEAA16672688C361008CCF25 /* Release */,
			);
			defaultConfigurationIsVisible = 0;
			defaultConfigurationName = Release;
		};
		AEAA16682688C361008CCF25 /* Build configuration list for PBXNativeTarget "CollectionViewTestTests" */ = {
			isa = XCConfigurationList;
			buildConfigurations = (
				AEAA16692688C361008CCF25 /* Debug */,
				AEAA166A2688C361008CCF25 /* Release */,
			);
			defaultConfigurationIsVisible = 0;
			defaultConfigurationName = Release;
		};
		AEAA166B2688C361008CCF25 /* Build configuration list for PBXNativeTarget "CollectionViewTestUITests" */ = {
			isa = XCConfigurationList;
			buildConfigurations = (
				AEAA166C2688C361008CCF25 /* Debug */,
				AEAA166D2688C361008CCF25 /* Release */,
			);
			defaultConfigurationIsVisible = 0;
			defaultConfigurationName = Release;
		};
/* End XCConfigurationList section */
	};
	rootObject = AEAA16332688C359008CCF25 /* Project object */;
}
